
Microsoft Visual Studio Solution File, Format Version 12.00
# Visual Studio 14
VisualStudioVersion = 14.0.25420.1
MinimumVisualStudioVersion = 10.0.40219.1
Project("{FAE04EC0-301F-11D3-BF4B-00C04F79EFBC}") = "LinkHubUI", "LinkHubUI\LinkHubUI.csproj", "{86BFACAE-5982-49BB-AC8F-3AA6E6026C47}"
EndProject
Project("{FAE04EC0-301F-11D3-BF4B-00C04F79EFBC}") = "BOL", "..\BOL\BOL.csproj", "{944A0304-0C40-43E6-98E9-A721C9FA6127}"
EndProject
Project("{FAE04EC0-301F-11D3-BF4B-00C04F79EFBC}") = "BLL", "..\BLL\BLL.csproj", "{82B1BBCE-E9CD-48C3-9518-03DB16B02CCE}"
EndProject
Project("{FAE04EC0-301F-11D3-BF4B-00C04F79EFBC}") = "DAL", "..\DAL\DAL.csproj", "{E95E33A2-05C8-4A93-B466-F2F0CB27BE1F}"
EndProject
Global
	GlobalSection(SolutionConfigurationPlatforms) = preSolution
		Debug|Any CPU = Debug|Any CPU
		Release|Any CPU = Release|Any CPU
	EndGlobalSection
	GlobalSection(ProjectConfigurationPlatforms) = postSolution
		{86BFACAE-5982-49BB-AC8F-3AA6E6026C47}.Debug|Any CPU.ActiveCfg = Debug|Any CPU
		{86BFACAE-5982-49BB-AC8F-3AA6E6026C47}.Debug|Any CPU.Build.0 = Debug|Any CPU
		{86BFACAE-5982-49BB-AC8F-3AA6E6026C47}.Release|Any CPU.ActiveCfg = Release|Any CPU
		{86BFACAE-5982-49BB-AC8F-3AA6E6026C47}.Release|Any CPU.Build.0 = Release|Any CPU
		{944A0304-0C40-43E6-98E9-A721C9FA6127}.Debug|Any CPU.ActiveCfg = Debug|Any CPU
		{944A0304-0C40-43E6-98E9-A721C9FA6127}.Debug|Any CPU.Build.0 = Debug|Any CPU
		{944A0304-0C40-43E6-98E9-A721C9FA6127}.Release|Any CPU.ActiveCfg = Release|Any CPU
		{944A0304-0C40-43E6-98E9-A721C9FA6127}.Release|Any CPU.Build.0 = Release|Any CPU
		{82B1BBCE-E9CD-48C3-9518-03DB16B02CCE}.Debug|Any CPU.ActiveCfg = Debug|Any CPU
		{82B1BBCE-E9CD-48C3-9518-03DB16B02CCE}.Debug|Any CPU.Build.0 = Debug|Any CPU
		{82B1BBCE-E9CD-48C3-9518-03DB16B02CCE}.Release|Any CPU.ActiveCfg = Release|Any CPU
		{82B1BBCE-E9CD-48C3-9518-03DB16B02CCE}.Release|Any CPU.Build.0 = Release|Any CPU
		{E95E33A2-05C8-4A93-B466-F2F0CB27BE1F}.Debug|Any CPU.ActiveCfg = Debug|Any CPU
		{E95E33A2-05C8-4A93-B466-F2F0CB27BE1F}.Debug|Any CPU.Build.0 = Debug|Any CPU
		{E95E33A2-05C8-4A93-B466-F2F0CB27BE1F}.Release|Any CPU.ActiveCfg = Release|Any CPU
		{E95E33A2-05C8-4A93-B466-F2F0CB27BE1F}.Release|Any CPU.Build.0 = Release|Any CPU
	EndGlobalSection
	GlobalSection(SolutionProperties) = preSolution
		HideSolutionNode = FALSE
	EndGlobalSection
EndGlobal
